
Microsoft Visual Studio Solution File, Format Version 10.00
# Visual C++ Express 2008
Project("{8BC9CEB8-8B4A-11D0-8D11-00A0C91BC942}") = "Proyecto_Diseño", "Proyecto_Diseño\Proyecto_Diseño.vcproj", "{DFAD41BF-157C-4A5C-B521-E77DC3DEB829}"
EndProject
Global
	GlobalSection(SolutionConfigurationPlatforms) = preSolution
		Debug|Win32 = Debug|Win32
		Release|Win32 = Release|Win32
	EndGlobalSection
	GlobalSection(ProjectConfigurationPlatforms) = postSolution
		{DFAD41BF-157C-4A5C-B521-E77DC3DEB829}.Debug|Win32.ActiveCfg = Debug|Win32
		{DFAD41BF-157C-4A5C-B521-E77DC3DEB829}.Debug|Win32.Build.0 = Debug|Win32
		{DFAD41BF-157C-4A5C-B521-E77DC3DEB829}.Release|Win32.ActiveCfg = Release|Win32
		{DFAD41BF-157C-4A5C-B521-E77DC3DEB829}.Release|Win32.Build.0 = Release|Win32
	EndGlobalSection
	GlobalSection(SolutionProperties) = preSolution
		HideSolutionNode = FALSE
	EndGlobalSection
EndGlobal
